
Microsoft Visual Studio Solution File, Format Version 12.00
# Visual Studio Version 17
VisualStudioVersion = 17.3.32825.248
MinimumVisualStudioVersion = 10.0.40219.1
Project("{FAE04EC0-301F-11D3-BF4B-00C04F79EFBC}") = "Storeage", "Storeage\Storeage.csproj", "{C3B027F3-7796-4CF7-9C24-7CED67F1F242}"
EndProject
Global
	GlobalSection(SolutionConfigurationPlatforms) = preSolution
		Debug|Any CPU = Debug|Any CPU
		Release|Any CPU = Release|Any CPU
	EndGlobalSection
	GlobalSection(ProjectConfigurationPlatforms) = postSolution
		{C3B027F3-7796-4CF7-9C24-7CED67F1F242}.Debug|Any CPU.ActiveCfg = Debug|Any CPU
		{C3B027F3-7796-4CF7-9C24-7CED67F1F242}.Debug|Any CPU.Build.0 = Debug|Any CPU
		{C3B027F3-7796-4CF7-9C24-7CED67F1F242}.Release|Any CPU.ActiveCfg = Release|Any CPU
		{C3B027F3-7796-4CF7-9C24-7CED67F1F242}.Release|Any CPU.Build.0 = Release|Any CPU
	EndGlobalSection
	GlobalSection(SolutionProperties) = preSolution
		HideSolutionNode = FALSE
	EndGlobalSection
	GlobalSection(ExtensibilityGlobals) = postSolution
		SolutionGuid = {09056205-2641-44D2-9BE3-C6FD3BD99256}
	EndGlobalSection
EndGlobal
